
Microsoft Visual Studio Solution File, Format Version 12.00
# Visual Studio Version 17
VisualStudioVersion = 17.4.33213.308
MinimumVisualStudioVersion = 10.0.40219.1
Project("{FAE04EC0-301F-11D3-BF4B-00C04F79EFBC}") = "Aula10Estacionamento", "Aula10Estacionamento\Aula10Estacionamento.csproj", "{BEAC6FB1-A7CF-438F-A72E-23EC0FE22986}"
EndProject
Global
	GlobalSection(SolutionConfigurationPlatforms) = preSolution
		Debug|Any CPU = Debug|Any CPU
		Release|Any CPU = Release|Any CPU
	EndGlobalSection
	GlobalSection(ProjectConfigurationPlatforms) = postSolution
		{BEAC6FB1-A7CF-438F-A72E-23EC0FE22986}.Debug|Any CPU.ActiveCfg = Debug|Any CPU
		{BEAC6FB1-A7CF-438F-A72E-23EC0FE22986}.Debug|Any CPU.Build.0 = Debug|Any CPU
		{BEAC6FB1-A7CF-438F-A72E-23EC0FE22986}.Release|Any CPU.ActiveCfg = Release|Any CPU
		{BEAC6FB1-A7CF-438F-A72E-23EC0FE22986}.Release|Any CPU.Build.0 = Release|Any CPU
	EndGlobalSection
	GlobalSection(SolutionProperties) = preSolution
		HideSolutionNode = FALSE
	EndGlobalSection
	GlobalSection(ExtensibilityGlobals) = postSolution
		SolutionGuid = {B8C55D90-0643-4459-959C-8DFB2716A28E}
	EndGlobalSection
EndGlobal
